// !$*UTF8*$!
{
	archiveVersion = 1;
	classes = {
	};
	objectVersion = 56;
	objects = {

/* Begin PBXBuildFile section */
		C698C99C28D7CF3D00E95A23 /* AppDelegate.swift in Sources */ = {isa = PBXBuildFile; fileRef = C698C99B28D7CF3D00E95A23 /* AppDelegate.swift */; };
		C698C99E28D7CF3D00E95A23 /* ViewController.swift in Sources */ = {isa = PBXBuildFile; fileRef = C698C99D28D7CF3D00E95A23 /* ViewController.swift */; };
		C698C9A328D7CF3D00E95A23 /* Main.storyboard in Resources */ = {isa = PBXBuildFile; fileRef = C698C9A128D7CF3D00E95A23 /* Main.storyboard */; };
		C698C9A528D7CF3E00E95A23 /* Assets.xcassets in Resources */ = {isa = PBXBuildFile; fileRef = C698C9A428D7CF3E00E95A23 /* Assets.xcassets */; };
		C698C9A828D7CF3E00E95A23 /* LaunchScreen.storyboard in Resources */ = {isa = PBXBuildFile; fileRef = C698C9A628D7CF3E00E95A23 /* LaunchScreen.storyboard */; };
		C698C9B828D7D0FF00E95A23 /* Onion.usdz in Resources */ = {isa = PBXBuildFile; fileRef = C698C9AF28D7D0FF00E95A23 /* Onion.usdz */; };
		C698C9B928D7D0FF00E95A23 /* BellPepper.usdz in Resources */ = {isa = PBXBuildFile; fileRef = C698C9B028D7D0FF00E95A23 /* BellPepper.usdz */; };
		C698C9BA28D7D0FF00E95A23 /* Taro.usdz in Resources */ = {isa = PBXBuildFile; fileRef = C698C9B128D7D0FF00E95A23 /* Taro.usdz */; };
		C698C9BB28D7D0FF00E95A23 /* Potato.usdz in Resources */ = {isa = PBXBuildFile; fileRef = C698C9B228D7D0FF00E95A23 /* Potato.usdz */; };
		C698C9BC28D7D0FF00E95A23 /* Beetroot.usdz in Resources */ = {isa = PBXBuildFile; fileRef = C698C9B328D7D0FF00E95A23 /* Beetroot.usdz */; };
		C698C9BD28D7D0FF00E95A23 /* Garlic.usdz in Resources */ = {isa = PBXBuildFile; fileRef = C698C9B428D7D0FF00E95A23 /* Garlic.usdz */; };
		C698C9BE28D7D0FF00E95A23 /* Carrot.usdz in Resources */ = {isa = PBXBuildFile; fileRef = C698C9B528D7D0FF00E95A23 /* Carrot.usdz */; };
		C698C9BF28D7D0FF00E95A23 /* Ginger.usdz in Resources */ = {isa = PBXBuildFile; fileRef = C698C9B628D7D0FF00E95A23 /* Ginger.usdz */; };
		C698C9C028D7D0FF00E95A23 /* Cucumber.usdz in Resources */ = {isa = PBXBuildFile; fileRef = C698C9B728D7D0FF00E95A23 /* Cucumber.usdz */; };
/* End PBXBuildFile section */

/* Begin PBXFileReference section */
		C698C99828D7CF3D00E95A23 /* ARCards.app */ = {isa = PBXFileReference; explicitFileType = wrapper.application; includeInIndex = 0; path = ARCards.app; sourceTree = BUILT_PRODUCTS_DIR; };
		C698C99B28D7CF3D00E95A23 /* AppDelegate.swift */ = {isa = PBXFileReference; lastKnownFileType = sourcecode.swift; path = AppDelegate.swift; sourceTree = "<group>"; };
		C698C99D28D7CF3D00E95A23 /* ViewController.swift */ = {isa = PBXFileReference; lastKnownFileType = sourcecode.swift; path = ViewController.swift; sourceTree = "<group>"; };
		C698C9A228D7CF3D00E95A23 /* Base */ = {isa = PBXFileReference; lastKnownFileType = file.storyboard; name = Base; path = Base.lproj/Main.storyboard; sourceTree = "<group>"; };
		C698C9A428D7CF3E00E95A23 /* Assets.xcassets */ = {isa = PBXFileReference; lastKnownFileType = folder.assetcatalog; path = Assets.xcassets; sourceTree = "<group>"; };
		C698C9A728D7CF3E00E95A23 /* Base */ = {isa = PBXFileReference; lastKnownFileType = file.storyboard; name = Base; path = Base.lproj/LaunchScreen.storyboard; sourceTree = "<group>"; };
		C698C9AF28D7D0FF00E95A23 /* Onion.usdz */ = {isa = PBXFileReference; lastKnownFileType = file.usdz; path = Onion.usdz; sourceTree = "<group>"; };
		C698C9B028D7D0FF00E95A23 /* BellPepper.usdz */ = {isa = PBXFileReference; lastKnownFileType = file.usdz; path = BellPepper.usdz; sourceTree = "<group>"; };
		C698C9B128D7D0FF00E95A23 /* Taro.usdz */ = {isa = PBXFileReference; lastKnownFileType = file.usdz; path = Taro.usdz; sourceTree = "<group>"; };
		C698C9B228D7D0FF00E95A23 /* Potato.usdz */ = {isa = PBXFileReference; lastKnownFileType = file.usdz; path = Potato.usdz; sourceTree = "<group>"; };
		C698C9B328D7D0FF00E95A23 /* Beetroot.usdz */ = {isa = PBXFileReference; lastKnownFileType = file.usdz; path = Beetroot.usdz; sourceTree = "<group>"; };
		C698C9B428D7D0FF00E95A23 /* Garlic.usdz */ = {isa = PBXFileReference; lastKnownFileType = file.usdz; path = Garlic.usdz; sourceTree = "<group>"; };
		C698C9B528D7D0FF00E95A23 /* Carrot.usdz */ = {isa = PBXFileReference; lastKnownFileType = file.usdz; path = Carrot.usdz; sourceTree = "<group>"; };
		C698C9B628D7D0FF00E95A23 /* Ginger.usdz */ = {isa = PBXFileReference; lastKnownFileType = file.usdz; path = Ginger.usdz; sourceTree = "<group>"; };
		C698C9B728D7D0FF00E95A23 /* Cucumber.usdz */ = {isa = PBXFileReference; lastKnownFileType = file.usdz; path = Cucumber.usdz; sourceTree = "<group>"; };
/* End PBXFileReference section */

/* Begin PBXFrameworksBuildPhase section */
		C698C99528D7CF3D00E95A23 /* Frameworks */ = {
			isa = PBXFrameworksBuildPhase;
			buildActionMask = 2147483647;
			files = (
			);
			runOnlyForDeploymentPostprocessing = 0;
		};
/* End PBXFrameworksBuildPhase section */

/* Begin PBXGroup section */
		C698C98F28D7CF3D00E95A23 = {
			isa = PBXGroup;
			children = (
				C698C99A28D7CF3D00E95A23 /* ARCards */,
				C698C99928D7CF3D00E95A23 /* Products */,
			);
			sourceTree = "<group>";
		};
		C698C99928D7CF3D00E95A23 /* Products */ = {
			isa = PBXGroup;
			children = (
				C698C99828D7CF3D00E95A23 /* ARCards.app */,
			);
			name = Products;
			sourceTree = "<group>";
		};
		C698C99A28D7CF3D00E95A23 /* ARCards */ = {
			isa = PBXGroup;
			children = (
				C698C9AE28D7D0FF00E95A23 /* usdz */,
				C698C99B28D7CF3D00E95A23 /* AppDelegate.swift */,
				C698C99D28D7CF3D00E95A23 /* ViewController.swift */,
				C698C9A128D7CF3D00E95A23 /* Main.storyboard */,
				C698C9A428D7CF3E00E95A23 /* Assets.xcassets */,
				C698C9A628D7CF3E00E95A23 /* LaunchScreen.storyboard */,
			);
			path = ARCards;
			sourceTree = "<group>";
		};
		C698C9AE28D7D0FF00E95A23 /* usdz */ = {
			isa = PBXGroup;
			children = (
				C698C9AF28D7D0FF00E95A23 /* Onion.usdz */,
				C698C9B028D7D0FF00E95A23 /* BellPepper.usdz */,
				C698C9B128D7D0FF00E95A23 /* Taro.usdz */,
				C698C9B228D7D0FF00E95A23 /* Potato.usdz */,
				C698C9B328D7D0FF00E95A23 /* Beetroot.usdz */,
				C698C9B428D7D0FF00E95A23 /* Garlic.usdz */,
				C698C9B528D7D0FF00E95A23 /* Carrot.usdz */,
				C698C9B628D7D0FF00E95A23 /* Ginger.usdz */,
				C698C9B728D7D0FF00E95A23 /* Cucumber.usdz */,
			);
			name = usdz;
			path = Maya/3DAssets/usdz;
			sourceTree = SOURCE_ROOT;
		};
/* End PBXGroup section */

/* Begin PBXNativeTarget section */
		C698C99728D7CF3D00E95A23 /* ARCards */ = {
			isa = PBXNativeTarget;
			buildConfigurationList = C698C9AB28D7CF3E00E95A23 /* Build configuration list for PBXNativeTarget "ARCards" */;
			buildPhases = (
				C698C99428D7CF3D00E95A23 /* Sources */,
				C698C99528D7CF3D00E95A23 /* Frameworks */,
				C698C99628D7CF3D00E95A23 /* Resources */,
			);
			buildRules = (
			);
			dependencies = (
			);
			name = ARCards;
			productName = ARCards;
			productReference = C698C99828D7CF3D00E95A23 /* ARCards.app */;
			productType = "com.apple.product-type.application";
		};
/* End PBXNativeTarget section */

/* Begin PBXProject section */
		C698C99028D7CF3D00E95A23 /* Project object */ = {
			isa = PBXProject;
			attributes = {
				BuildIndependentTargetsInParallel = 1;
				LastSwiftUpdateCheck = 1400;
				LastUpgradeCheck = 1400;
				TargetAttributes = {
					C698C99728D7CF3D00E95A23 = {
						CreatedOnToolsVersion = 14.0;
					};
				};
			};
			buildConfigurationList = C698C99328D7CF3D00E95A23 /* Build configuration list for PBXProject "ARCards" */;
			compatibilityVersion = "Xcode 14.0";
			developmentRegion = en;
			hasScannedForEncodings = 0;
			knownRegions = (
				en,
				Base,
			);
			mainGroup = C698C98F28D7CF3D00E95A23;
			productRefGroup = C698C99928D7CF3D00E95A23 /* Products */;
			projectDirPath = "";
			projectRoot = "";
			targets = (
				C698C99728D7CF3D00E95A23 /* ARCards */,
			);
		};
/* End PBXProject section */

/* Begin PBXResourcesBuildPhase section */
		C698C99628D7CF3D00E95A23 /* Resources */ = {
			isa = PBXResourcesBuildPhase;
			buildActionMask = 2147483647;
			files = (
				C698C9A828D7CF3E00E95A23 /* LaunchScreen.storyboard in Resources */,
				C698C9BD28D7D0FF00E95A23 /* Garlic.usdz in Resources */,
				C698C9BE28D7D0FF00E95A23 /* Carrot.usdz in Resources */,
				C698C9BB28D7D0FF00E95A23 /* Potato.usdz in Resources */,
				C698C9B828D7D0FF00E95A23 /* Onion.usdz in Resources */,
				C698C9B928D7D0FF00E95A23 /* BellPepper.usdz in Resources */,
				C698C9BA28D7D0FF00E95A23 /* Taro.usdz in Resources */,
				C698C9BC28D7D0FF00E95A23 /* Beetroot.usdz in Resources */,
				C698C9A528D7CF3E00E95A23 /* Assets.xcassets in Resources */,
				C698C9BF28D7D0FF00E95A23 /* Ginger.usdz in Resources */,
				C698C9A328D7CF3D00E95A23 /* Main.storyboard in Resources */,
				C698C9C028D7D0FF00E95A23 /* Cucumber.usdz in Resources */,
			);
			runOnlyForDeploymentPostprocessing = 0;
		};
/* End PBXResourcesBuildPhase section */

/* Begin PBXSourcesBuildPhase section */
		C698C99428D7CF3D00E95A23 /* Sources */ = {
			isa = PBXSourcesBuildPhase;
			buildActionMask = 2147483647;
			files = (
				C698C99E28D7CF3D00E95A23 /* ViewController.swift in Sources */,
				C698C99C28D7CF3D00E95A23 /* AppDelegate.swift in Sources */,
			);
			runOnlyForDeploymentPostprocessing = 0;
		};
/* End PBXSourcesBuildPhase section */

/* Begin PBXVariantGroup section */
		C698C9A128D7CF3D00E95A23 /* Main.storyboard */ = {
			isa = PBXVariantGroup;
			children = (
				C698C9A228D7CF3D00E95A23 /* Base */,
			);
			name = Main.storyboard;
			sourceTree = "<group>";
		};
		C698C9A628D7CF3E00E95A23 /* LaunchScreen.storyboard */ = {
			isa = PBXVariantGroup;
			children = (
				C698C9A728D7CF3E00E95A23 /* Base */,
			);
			name = LaunchScreen.storyboard;
			sourceTree = "<group>";
		};
/* End PBXVariantGroup section */

/* Begin XCBuildConfiguration section */
		C698C9A928D7CF3E00E95A23 /* Debug */ = {
			isa = XCBuildConfiguration;
			buildSettings = {
				ALWAYS_SEARCH_USER_PATHS = NO;
				CLANG_ANALYZER_NONNULL = YES;
				CLANG_ANALYZER_NUMBER_OBJECT_CONVERSION = YES_AGGRESSIVE;
				CLANG_CXX_LANGUAGE_STANDARD = "gnu++20";
				CLANG_ENABLE_MODULES = YES;
				CLANG_ENABLE_OBJC_ARC = YES;
				CLANG_ENABLE_OBJC_WEAK = YES;
				CLANG_WARN_BLOCK_CAPTURE_AUTORELEASING = YES;
				CLANG_WARN_BOOL_CONVERSION = YES;
				CLANG_WARN_COMMA = YES;
				CLANG_WARN_CONSTANT_CONVERSION = YES;
				CLANG_WARN_DEPRECATED_OBJC_IMPLEMENTATIONS = YES;
				CLANG_WARN_DIRECT_OBJC_ISA_USAGE = YES_ERROR;
				CLANG_WARN_DOCUMENTATION_COMMENTS = YES;
				CLANG_WARN_EMPTY_BODY = YES;
				CLANG_WARN_ENUM_CONVERSION = YES;
				CLANG_WARN_INFINITE_RECURSION = YES;
				CLANG_WARN_INT_CONVERSION = YES;
				CLANG_WARN_NON_LITERAL_NULL_CONVERSION = YES;
				CLANG_WARN_OBJC_IMPLICIT_RETAIN_SELF = YES;
				CLANG_WARN_OBJC_LITERAL_CONVERSION = YES;
				CLANG_WARN_OBJC_ROOT_CLASS = YES_ERROR;
				CLANG_WARN_QUOTED_INCLUDE_IN_FRAMEWORK_HEADER = YES;
				CLANG_WARN_RANGE_LOOP_ANALYSIS = YES;
				CLANG_WARN_STRICT_PROTOTYPES = YES;
				CLANG_WARN_SUSPICIOUS_MOVE = YES;
				CLANG_WARN_UNGUARDED_AVAILABILITY = YES_AGGRESSIVE;
				CLANG_WARN_UNREACHABLE_CODE = YES;
				CLANG_WARN__DUPLICATE_METHOD_MATCH = YES;
				COPY_PHASE_STRIP = NO;
				DEBUG_INFORMATION_FORMAT = dwarf;
				ENABLE_STRICT_OBJC_MSGSEND = YES;
				ENABLE_TESTABILITY = YES;
				GCC_C_LANGUAGE_STANDARD = gnu11;
				GCC_DYNAMIC_NO_PIC = NO;
				GCC_NO_COMMON_BLOCKS = YES;
				GCC_OPTIMIZATION_LEVEL = 0;
				GCC_PREPROCESSOR_DEFINITIONS = (
					"DEBUG=1",
					"$(inherited)",
				);
				GCC_WARN_64_TO_32_BIT_CONVERSION = YES;
				GCC_WARN_ABOUT_RETURN_TYPE = YES_ERROR;
				GCC_WARN_UNDECLARED_SELECTOR = YES;
				GCC_WARN_UNINITIALIZED_AUTOS = YES_AGGRESSIVE;
				GCC_WARN_UNUSED_FUNCTION = YES;
				GCC_WARN_UNUSED_VARIABLE = YES;
				IPHONEOS_DEPLOYMENT_TARGET = 16.0;
				MTL_ENABLE_DEBUG_INFO = INCLUDE_SOURCE;
				MTL_FAST_MATH = YES;
				ONLY_ACTIVE_ARCH = YES;
				SDKROOT = iphoneos;
				SWIFT_ACTIVE_COMPILATION_CONDITIONS = DEBUG;
				SWIFT_OPTIMIZATION_LEVEL = "-Onone";
			};
			name = Debug;
		};
		C698C9AA28D7CF3E00E95A23 /* Release */ = {
			isa = XCBuildConfiguration;
			buildSettings = {
				ALWAYS_SEARCH_USER_PATHS = NO;
				CLANG_ANALYZER_NONNULL = YES;
				CLANG_ANALYZER_NUMBER_OBJECT_CONVERSION = YES_AGGRESSIVE;
				CLANG_CXX_LANGUAGE_STANDARD = "gnu++20";
				CLANG_ENABLE_MODULES = YES;
				CLANG_ENABLE_OBJC_ARC = YES;
				CLANG_ENABLE_OBJC_WEAK = YES;
				CLANG_WARN_BLOCK_CAPTURE_AUTORELEASING = YES;
				CLANG_WARN_BOOL_CONVERSION = YES;
				CLANG_WARN_COMMA = YES;
				CLANG_WARN_CONSTANT_CONVERSION = YES;
				CLANG_WARN_DEPRECATED_OBJC_IMPLEMENTATIONS = YES;
				CLANG_WARN_DIRECT_OBJC_ISA_USAGE = YES_ERROR;
				CLANG_WARN_DOCUMENTATION_COMMENTS = YES;
				CLANG_WARN_EMPTY_BODY = YES;
				CLANG_WARN_ENUM_CONVERSION = YES;
				CLANG_WARN_INFINITE_RECURSION = YES;
				CLANG_WARN_INT_CONVERSION = YES;
				CLANG_WARN_NON_LITERAL_NULL_CONVERSION = YES;
				CLANG_WARN_OBJC_IMPLICIT_RETAIN_SELF = YES;
				CLANG_WARN_OBJC_LITERAL_CONVERSION = YES;
				CLANG_WARN_OBJC_ROOT_CLASS = YES_ERROR;
				CLANG_WARN_QUOTED_INCLUDE_IN_FRAMEWORK_HEADER = YES;
				CLANG_WARN_RANGE_LOOP_ANALYSIS = YES;
				CLANG_WARN_STRICT_PROTOTYPES = YES;
				CLANG_WARN_SUSPICIOUS_MOVE = YES;
				CLANG_WARN_UNGUARDED_AVAILABILITY = YES_AGGRESSIVE;
				CLANG_WARN_UNREACHABLE_CODE = YES;
				CLANG_WARN__DUPLICATE_METHOD_MATCH = YES;
				COPY_PHASE_STRIP = NO;
				DEBUG_INFORMATION_FORMAT = "dwarf-with-dsym";
				ENABLE_NS_ASSERTIONS = NO;
				ENABLE_STRICT_OBJC_MSGSEND = YES;
				GCC_C_LANGUAGE_STANDARD = gnu11;
				GCC_NO_COMMON_BLOCKS = YES;
				GCC_WARN_64_TO_32_BIT_CONVERSION = YES;
				GCC_WARN_ABOUT_RETURN_TYPE = YES_ERROR;
				GCC_WARN_UNDECLARED_SELECTOR = YES;
				GCC_WARN_UNINITIALIZED_AUTOS = YES_AGGRESSIVE;
				GCC_WARN_UNUSED_FUNCTION = YES;
				GCC_WARN_UNUSED_VARIABLE = YES;
				IPHONEOS_DEPLOYMENT_TARGET = 16.0;
				MTL_ENABLE_DEBUG_INFO = NO;
				MTL_FAST_MATH = YES;
				SDKROOT = iphoneos;
				SWIFT_COMPILATION_MODE = wholemodule;
				SWIFT_OPTIMIZATION_LEVEL = "-O";
				VALIDATE_PRODUCT = YES;
			};
			name = Release;
		};
		C698C9AC28D7CF3E00E95A23 /* Debug */ = {
			isa = XCBuildConfiguration;
			buildSettings = {
				ASSETCATALOG_COMPILER_APPICON_NAME = AppIcon;
				ASSETCATALOG_COMPILER_GLOBAL_ACCENT_COLOR_NAME = AccentColor;
				CODE_SIGN_STYLE = Automatic;
				CURRENT_PROJECT_VERSION = 1;
				DEVELOPMENT_TEAM = YRHZWWWS54;
				GENERATE_INFOPLIST_FILE = YES;
				INFOPLIST_KEY_LSApplicationCategoryType = "public.app-category.education";
				INFOPLIST_KEY_NSCameraUsageDescription = "";
				INFOPLIST_KEY_UIApplicationSupportsIndirectInputEvents = YES;
				INFOPLIST_KEY_UILaunchStoryboardName = LaunchScreen;
				INFOPLIST_KEY_UIMainStoryboardFile = Main;
				INFOPLIST_KEY_UIRequiredDeviceCapabilities = arkit;
				INFOPLIST_KEY_UIStatusBarHidden = YES;
				INFOPLIST_KEY_UISupportedInterfaceOrientations_iPad = "UIInterfaceOrientationPortrait UIInterfaceOrientationPortraitUpsideDown UIInterfaceOrientationLandscapeLeft UIInterfaceOrientationLandscapeRight";
				INFOPLIST_KEY_UISupportedInterfaceOrientations_iPhone = "UIInterfaceOrientationPortrait UIInterfaceOrientationLandscapeLeft UIInterfaceOrientationLandscapeRight";
				LD_RUNPATH_SEARCH_PATHS = (
					"$(inherited)",
					"@executable_path/Frameworks",
				);
				MARKETING_VERSION = 1.0;
				PRODUCT_BUNDLE_IDENTIFIER = com.d1Ng0.dev.ARCards;
				PRODUCT_NAME = "$(TARGET_NAME)";
				SWIFT_EMIT_LOC_STRINGS = YES;
				SWIFT_VERSION = 5.0;
				TARGETED_DEVICE_FAMILY = "1,2";
			};
			name = Debug;
		};
		C698C9AD28D7CF3E00E95A23 /* Release */ = {
			isa = XCBuildConfiguration;
			buildSettings = {
				ASSETCATALOG_COMPILER_APPICON_NAME = AppIcon;
				ASSETCATALOG_COMPILER_GLOBAL_ACCENT_COLOR_NAME = AccentColor;
				CODE_SIGN_STYLE = Automatic;
				CURRENT_PROJECT_VERSION = 1;
				DEVELOPMENT_TEAM = YRHZWWWS54;
				GENERATE_INFOPLIST_FILE = YES;
				INFOPLIST_KEY_LSApplicationCategoryType = "public.app-category.education";
				INFOPLIST_KEY_NSCameraUsageDescription = "";
				INFOPLIST_KEY_UIApplicationSupportsIndirectInputEvents = YES;
				INFOPLIST_KEY_UILaunchStoryboardName = LaunchScreen;
				INFOPLIST_KEY_UIMainStoryboardFile = Main;
				INFOPLIST_KEY_UIRequiredDeviceCapabilities = arkit;
				INFOPLIST_KEY_UIStatusBarHidden = YES;
				INFOPLIST_KEY_UISupportedInterfaceOrientations_iPad = "UIInterfaceOrientationPortrait UIInterfaceOrientationPortraitUpsideDown UIInterfaceOrientationLandscapeLeft UIInterfaceOrientationLandscapeRight";
				INFOPLIST_KEY_UISupportedInterfaceOrientations_iPhone = "UIInterfaceOrientationPortrait UIInterfaceOrientationLandscapeLeft UIInterfaceOrientationLandscapeRight";
				LD_RUNPATH_SEARCH_PATHS = (
					"$(inherited)",
					"@executable_path/Frameworks",
				);
				MARKETING_VERSION = 1.0;
				PRODUCT_BUNDLE_IDENTIFIER = com.d1Ng0.dev.ARCards;
				PRODUCT_NAME = "$(TARGET_NAME)";
				SWIFT_EMIT_LOC_STRINGS = YES;
				SWIFT_VERSION = 5.0;
				TARGETED_DEVICE_FAMILY = "1,2";
			};
			name = Release;
		};
/* End XCBuildConfiguration section */

/* Begin XCConfigurationList section */
		C698C99328D7CF3D00E95A23 /* Build configuration list for PBXProject "ARCards" */ = {
			isa = XCConfigurationList;
			buildConfigurations = (
				C698C9A928D7CF3E00E95A23 /* Debug */,
				C698C9AA28D7CF3E00E95A23 /* Release */,
			);
			defaultConfigurationIsVisible = 0;
			defaultConfigurationName = Release;
		};
		C698C9AB28D7CF3E00E95A23 /* Build configuration list for PBXNativeTarget "ARCards" */ = {
			isa = XCConfigurationList;
			buildConfigurations = (
				C698C9AC28D7CF3E00E95A23 /* Debug */,
				C698C9AD28D7CF3E00E95A23 /* Release */,
			);
			defaultConfigurationIsVisible = 0;
			defaultConfigurationName = Release;
		};
/* End XCConfigurationList section */
	};
	rootObject = C698C99028D7CF3D00E95A23 /* Project object */;
}
