// !$*UTF8*$!
{
	archiveVersion = 1;
	classes = {
	};
	objectVersion = 56;
	objects = {

/* Begin PBXBuildFile section */
		C610FBBE28C67C0A0060907E /* LandmarkList.swift in Sources */ = {isa = PBXBuildFile; fileRef = C610FBBD28C67C0A0060907E /* LandmarkList.swift */; };
		C610FBC028C6800B0060907E /* LandmarkDetail.swift in Sources */ = {isa = PBXBuildFile; fileRef = C610FBBF28C6800B0060907E /* LandmarkDetail.swift */; };
		C62647A528C9420500F3FBB8 /* FavoriteButton.swift in Sources */ = {isa = PBXBuildFile; fileRef = C62647A428C9420500F3FBB8 /* FavoriteButton.swift */; };
		C62647A828C951CF00F3FBB8 /* HexagonParameters.swift in Sources */ = {isa = PBXBuildFile; fileRef = C62647A728C951CF00F3FBB8 /* HexagonParameters.swift */; };
		C62647AA28C9539F00F3FBB8 /* BadgeBackground.swift in Sources */ = {isa = PBXBuildFile; fileRef = C62647A928C9539F00F3FBB8 /* BadgeBackground.swift */; };
		C66F6B9728C52E62008EBEBC /* LandmarksApp.swift in Sources */ = {isa = PBXBuildFile; fileRef = C66F6B9628C52E62008EBEBC /* LandmarksApp.swift */; };
		C66F6B9928C52E62008EBEBC /* ContentView.swift in Sources */ = {isa = PBXBuildFile; fileRef = C66F6B9828C52E62008EBEBC /* ContentView.swift */; };
		C66F6B9B28C52E63008EBEBC /* Assets.xcassets in Resources */ = {isa = PBXBuildFile; fileRef = C66F6B9A28C52E63008EBEBC /* Assets.xcassets */; };
		C66F6B9E28C52E63008EBEBC /* Preview Assets.xcassets in Resources */ = {isa = PBXBuildFile; fileRef = C66F6B9D28C52E63008EBEBC /* Preview Assets.xcassets */; };
		C675D0DD28C5520E00949A15 /* landmarkData.json in Resources */ = {isa = PBXBuildFile; fileRef = C675D0DC28C5520E00949A15 /* landmarkData.json */; };
		C675D0DF28C5522C00949A15 /* Landmark.swift in Sources */ = {isa = PBXBuildFile; fileRef = C675D0DE28C5522C00949A15 /* Landmark.swift */; };
		C675D0E128C556C000949A15 /* ModelData.swift in Sources */ = {isa = PBXBuildFile; fileRef = C675D0E028C556C000949A15 /* ModelData.swift */; };
		C675D0E628C5ABAF00949A15 /* LandmarkRow.swift in Sources */ = {isa = PBXBuildFile; fileRef = C675D0E528C5ABAF00949A15 /* LandmarkRow.swift */; };
		C69B106128C537800034A1FE /* CircleImage.swift in Sources */ = {isa = PBXBuildFile; fileRef = C69B106028C537800034A1FE /* CircleImage.swift */; };
		C69B106328C5391E0034A1FE /* MapView.swift in Sources */ = {isa = PBXBuildFile; fileRef = C69B106228C5391E0034A1FE /* MapView.swift */; };
/* End PBXBuildFile section */

/* Begin PBXFileReference section */
		C610FBBD28C67C0A0060907E /* LandmarkList.swift */ = {isa = PBXFileReference; lastKnownFileType = sourcecode.swift; path = LandmarkList.swift; sourceTree = "<group>"; };
		C610FBBF28C6800B0060907E /* LandmarkDetail.swift */ = {isa = PBXFileReference; lastKnownFileType = sourcecode.swift; path = LandmarkDetail.swift; sourceTree = "<group>"; };
		C62647A428C9420500F3FBB8 /* FavoriteButton.swift */ = {isa = PBXFileReference; lastKnownFileType = sourcecode.swift; path = FavoriteButton.swift; sourceTree = "<group>"; };
		C62647A728C951CF00F3FBB8 /* HexagonParameters.swift */ = {isa = PBXFileReference; lastKnownFileType = sourcecode.swift; path = HexagonParameters.swift; sourceTree = "<group>"; };
		C62647A928C9539F00F3FBB8 /* BadgeBackground.swift */ = {isa = PBXFileReference; lastKnownFileType = sourcecode.swift; path = BadgeBackground.swift; sourceTree = "<group>"; };
		C66F6B9328C52E62008EBEBC /* Landmarks.app */ = {isa = PBXFileReference; explicitFileType = wrapper.application; includeInIndex = 0; path = Landmarks.app; sourceTree = BUILT_PRODUCTS_DIR; };
		C66F6B9628C52E62008EBEBC /* LandmarksApp.swift */ = {isa = PBXFileReference; lastKnownFileType = sourcecode.swift; path = LandmarksApp.swift; sourceTree = "<group>"; };
		C66F6B9828C52E62008EBEBC /* ContentView.swift */ = {isa = PBXFileReference; lastKnownFileType = sourcecode.swift; path = ContentView.swift; sourceTree = "<group>"; };
		C66F6B9A28C52E63008EBEBC /* Assets.xcassets */ = {isa = PBXFileReference; lastKnownFileType = folder.assetcatalog; path = Assets.xcassets; sourceTree = "<group>"; };
		C66F6B9D28C52E63008EBEBC /* Preview Assets.xcassets */ = {isa = PBXFileReference; lastKnownFileType = folder.assetcatalog; path = "Preview Assets.xcassets"; sourceTree = "<group>"; };
		C675D0DC28C5520E00949A15 /* landmarkData.json */ = {isa = PBXFileReference; fileEncoding = 4; lastKnownFileType = text.json; path = landmarkData.json; sourceTree = "<group>"; };
		C675D0DE28C5522C00949A15 /* Landmark.swift */ = {isa = PBXFileReference; lastKnownFileType = sourcecode.swift; path = Landmark.swift; sourceTree = "<group>"; };
		C675D0E028C556C000949A15 /* ModelData.swift */ = {isa = PBXFileReference; lastKnownFileType = sourcecode.swift; path = ModelData.swift; sourceTree = "<group>"; };
		C675D0E528C5ABAF00949A15 /* LandmarkRow.swift */ = {isa = PBXFileReference; lastKnownFileType = sourcecode.swift; path = LandmarkRow.swift; sourceTree = "<group>"; };
		C69B106028C537800034A1FE /* CircleImage.swift */ = {isa = PBXFileReference; lastKnownFileType = sourcecode.swift; path = CircleImage.swift; sourceTree = "<group>"; };
		C69B106228C5391E0034A1FE /* MapView.swift */ = {isa = PBXFileReference; lastKnownFileType = sourcecode.swift; path = MapView.swift; sourceTree = "<group>"; };
/* End PBXFileReference section */

/* Begin PBXFrameworksBuildPhase section */
		C66F6B9028C52E62008EBEBC /* Frameworks */ = {
			isa = PBXFrameworksBuildPhase;
			buildActionMask = 2147483647;
			files = (
			);
			runOnlyForDeploymentPostprocessing = 0;
		};
/* End PBXFrameworksBuildPhase section */

/* Begin PBXGroup section */
		C62647A628C943A800F3FBB8 /* Helpers */ = {
			isa = PBXGroup;
			children = (
				C69B106028C537800034A1FE /* CircleImage.swift */,
				C69B106228C5391E0034A1FE /* MapView.swift */,
				C62647A428C9420500F3FBB8 /* FavoriteButton.swift */,
			);
			path = Helpers;
			sourceTree = "<group>";
		};
		C66F6B8A28C52E62008EBEBC = {
			isa = PBXGroup;
			children = (
				C66F6B9528C52E62008EBEBC /* Landmarks */,
				C66F6B9428C52E62008EBEBC /* Products */,
			);
			sourceTree = "<group>";
		};
		C66F6B9428C52E62008EBEBC /* Products */ = {
			isa = PBXGroup;
			children = (
				C66F6B9328C52E62008EBEBC /* Landmarks.app */,
			);
			name = Products;
			sourceTree = "<group>";
		};
		C66F6B9528C52E62008EBEBC /* Landmarks */ = {
			isa = PBXGroup;
			children = (
				C66F6B9628C52E62008EBEBC /* LandmarksApp.swift */,
				C675D0E228C5AB2200949A15 /* Views */,
				C675D0E328C5AB3400949A15 /* Model */,
				C675D0E428C5AB4100949A15 /* Resources */,
				C66F6B9A28C52E63008EBEBC /* Assets.xcassets */,
				C66F6B9C28C52E63008EBEBC /* Preview Content */,
			);
			path = Landmarks;
			sourceTree = "<group>";
		};
		C66F6B9C28C52E63008EBEBC /* Preview Content */ = {
			isa = PBXGroup;
			children = (
				C66F6B9D28C52E63008EBEBC /* Preview Assets.xcassets */,
			);
			path = "Preview Content";
			sourceTree = "<group>";
		};
		C675D0E228C5AB2200949A15 /* Views */ = {
			isa = PBXGroup;
			children = (
				C66F6B9828C52E62008EBEBC /* ContentView.swift */,
				C62647A628C943A800F3FBB8 /* Helpers */,
				C610FBBF28C6800B0060907E /* LandmarkDetail.swift */,
				C675D0E528C5ABAF00949A15 /* LandmarkRow.swift */,
				C610FBBD28C67C0A0060907E /* LandmarkList.swift */,
				C62647A728C951CF00F3FBB8 /* HexagonParameters.swift */,
				C62647A928C9539F00F3FBB8 /* BadgeBackground.swift */,
			);
			path = Views;
			sourceTree = "<group>";
		};
		C675D0E328C5AB3400949A15 /* Model */ = {
			isa = PBXGroup;
			children = (
				C675D0E028C556C000949A15 /* ModelData.swift */,
				C675D0DE28C5522C00949A15 /* Landmark.swift */,
			);
			path = Model;
			sourceTree = "<group>";
		};
		C675D0E428C5AB4100949A15 /* Resources */ = {
			isa = PBXGroup;
			children = (
				C675D0DC28C5520E00949A15 /* landmarkData.json */,
			);
			path = Resources;
			sourceTree = "<group>";
		};
/* End PBXGroup section */

/* Begin PBXNativeTarget section */
		C66F6B9228C52E62008EBEBC /* Landmarks */ = {
			isa = PBXNativeTarget;
			buildConfigurationList = C66F6BA128C52E63008EBEBC /* Build configuration list for PBXNativeTarget "Landmarks" */;
			buildPhases = (
				C66F6B8F28C52E62008EBEBC /* Sources */,
				C66F6B9028C52E62008EBEBC /* Frameworks */,
				C66F6B9128C52E62008EBEBC /* Resources */,
			);
			buildRules = (
			);
			dependencies = (
			);
			name = Landmarks;
			productName = Landmarks;
			productReference = C66F6B9328C52E62008EBEBC /* Landmarks.app */;
			productType = "com.apple.product-type.application";
		};
/* End PBXNativeTarget section */

/* Begin PBXProject section */
		C66F6B8B28C52E62008EBEBC /* Project object */ = {
			isa = PBXProject;
			attributes = {
				BuildIndependentTargetsInParallel = 1;
				LastSwiftUpdateCheck = 1400;
				LastUpgradeCheck = 1400;
				TargetAttributes = {
					C66F6B9228C52E62008EBEBC = {
						CreatedOnToolsVersion = 14.0;
					};
				};
			};
			buildConfigurationList = C66F6B8E28C52E62008EBEBC /* Build configuration list for PBXProject "Landmarks" */;
			compatibilityVersion = "Xcode 14.0";
			developmentRegion = en;
			hasScannedForEncodings = 0;
			knownRegions = (
				en,
				Base,
			);
			mainGroup = C66F6B8A28C52E62008EBEBC;
			productRefGroup = C66F6B9428C52E62008EBEBC /* Products */;
			projectDirPath = "";
			projectRoot = "";
			targets = (
				C66F6B9228C52E62008EBEBC /* Landmarks */,
			);
		};
/* End PBXProject section */

/* Begin PBXResourcesBuildPhase section */
		C66F6B9128C52E62008EBEBC /* Resources */ = {
			isa = PBXResourcesBuildPhase;
			buildActionMask = 2147483647;
			files = (
				C66F6B9E28C52E63008EBEBC /* Preview Assets.xcassets in Resources */,
				C66F6B9B28C52E63008EBEBC /* Assets.xcassets in Resources */,
				C675D0DD28C5520E00949A15 /* landmarkData.json in Resources */,
			);
			runOnlyForDeploymentPostprocessing = 0;
		};
/* End PBXResourcesBuildPhase section */

/* Begin PBXSourcesBuildPhase section */
		C66F6B8F28C52E62008EBEBC /* Sources */ = {
			isa = PBXSourcesBuildPhase;
			buildActionMask = 2147483647;
			files = (
				C66F6B9928C52E62008EBEBC /* ContentView.swift in Sources */,
				C69B106328C5391E0034A1FE /* MapView.swift in Sources */,
				C66F6B9728C52E62008EBEBC /* LandmarksApp.swift in Sources */,
				C62647A528C9420500F3FBB8 /* FavoriteButton.swift in Sources */,
				C62647A828C951CF00F3FBB8 /* HexagonParameters.swift in Sources */,
				C610FBBE28C67C0A0060907E /* LandmarkList.swift in Sources */,
				C610FBC028C6800B0060907E /* LandmarkDetail.swift in Sources */,
				C62647AA28C9539F00F3FBB8 /* BadgeBackground.swift in Sources */,
				C69B106128C537800034A1FE /* CircleImage.swift in Sources */,
				C675D0DF28C5522C00949A15 /* Landmark.swift in Sources */,
				C675D0E628C5ABAF00949A15 /* LandmarkRow.swift in Sources */,
				C675D0E128C556C000949A15 /* ModelData.swift in Sources */,
			);
			runOnlyForDeploymentPostprocessing = 0;
		};
/* End PBXSourcesBuildPhase section */

/* Begin XCBuildConfiguration section */
		C66F6B9F28C52E63008EBEBC /* Debug */ = {
			isa = XCBuildConfiguration;
			buildSettings = {
				ALWAYS_SEARCH_USER_PATHS = NO;
				CLANG_ANALYZER_NONNULL = YES;
				CLANG_ANALYZER_NUMBER_OBJECT_CONVERSION = YES_AGGRESSIVE;
				CLANG_CXX_LANGUAGE_STANDARD = "gnu++20";
				CLANG_ENABLE_MODULES = YES;
				CLANG_ENABLE_OBJC_ARC = YES;
				CLANG_ENABLE_OBJC_WEAK = YES;
				CLANG_WARN_BLOCK_CAPTURE_AUTORELEASING = YES;
				CLANG_WARN_BOOL_CONVERSION = YES;
				CLANG_WARN_COMMA = YES;
				CLANG_WARN_CONSTANT_CONVERSION = YES;
				CLANG_WARN_DEPRECATED_OBJC_IMPLEMENTATIONS = YES;
				CLANG_WARN_DIRECT_OBJC_ISA_USAGE = YES_ERROR;
				CLANG_WARN_DOCUMENTATION_COMMENTS = YES;
				CLANG_WARN_EMPTY_BODY = YES;
				CLANG_WARN_ENUM_CONVERSION = YES;
				CLANG_WARN_INFINITE_RECURSION = YES;
				CLANG_WARN_INT_CONVERSION = YES;
				CLANG_WARN_NON_LITERAL_NULL_CONVERSION = YES;
				CLANG_WARN_OBJC_IMPLICIT_RETAIN_SELF = YES;
				CLANG_WARN_OBJC_LITERAL_CONVERSION = YES;
				CLANG_WARN_OBJC_ROOT_CLASS = YES_ERROR;
				CLANG_WARN_QUOTED_INCLUDE_IN_FRAMEWORK_HEADER = YES;
				CLANG_WARN_RANGE_LOOP_ANALYSIS = YES;
				CLANG_WARN_STRICT_PROTOTYPES = YES;
				CLANG_WARN_SUSPICIOUS_MOVE = YES;
				CLANG_WARN_UNGUARDED_AVAILABILITY = YES_AGGRESSIVE;
				CLANG_WARN_UNREACHABLE_CODE = YES;
				CLANG_WARN__DUPLICATE_METHOD_MATCH = YES;
				COPY_PHASE_STRIP = NO;
				DEBUG_INFORMATION_FORMAT = dwarf;
				ENABLE_STRICT_OBJC_MSGSEND = YES;
				ENABLE_TESTABILITY = YES;
				GCC_C_LANGUAGE_STANDARD = gnu11;
				GCC_DYNAMIC_NO_PIC = NO;
				GCC_NO_COMMON_BLOCKS = YES;
				GCC_OPTIMIZATION_LEVEL = 0;
				GCC_PREPROCESSOR_DEFINITIONS = (
					"DEBUG=1",
					"$(inherited)",
				);
				GCC_WARN_64_TO_32_BIT_CONVERSION = YES;
				GCC_WARN_ABOUT_RETURN_TYPE = YES_ERROR;
				GCC_WARN_UNDECLARED_SELECTOR = YES;
				GCC_WARN_UNINITIALIZED_AUTOS = YES_AGGRESSIVE;
				GCC_WARN_UNUSED_FUNCTION = YES;
				GCC_WARN_UNUSED_VARIABLE = YES;
				IPHONEOS_DEPLOYMENT_TARGET = 16.0;
				MTL_ENABLE_DEBUG_INFO = INCLUDE_SOURCE;
				MTL_FAST_MATH = YES;
				ONLY_ACTIVE_ARCH = YES;
				SDKROOT = iphoneos;
				SWIFT_ACTIVE_COMPILATION_CONDITIONS = DEBUG;
				SWIFT_OPTIMIZATION_LEVEL = "-Onone";
			};
			name = Debug;
		};
		C66F6BA028C52E63008EBEBC /* Release */ = {
			isa = XCBuildConfiguration;
			buildSettings = {
				ALWAYS_SEARCH_USER_PATHS = NO;
				CLANG_ANALYZER_NONNULL = YES;
				CLANG_ANALYZER_NUMBER_OBJECT_CONVERSION = YES_AGGRESSIVE;
				CLANG_CXX_LANGUAGE_STANDARD = "gnu++20";
				CLANG_ENABLE_MODULES = YES;
				CLANG_ENABLE_OBJC_ARC = YES;
				CLANG_ENABLE_OBJC_WEAK = YES;
				CLANG_WARN_BLOCK_CAPTURE_AUTORELEASING = YES;
				CLANG_WARN_BOOL_CONVERSION = YES;
				CLANG_WARN_COMMA = YES;
				CLANG_WARN_CONSTANT_CONVERSION = YES;
				CLANG_WARN_DEPRECATED_OBJC_IMPLEMENTATIONS = YES;
				CLANG_WARN_DIRECT_OBJC_ISA_USAGE = YES_ERROR;
				CLANG_WARN_DOCUMENTATION_COMMENTS = YES;
				CLANG_WARN_EMPTY_BODY = YES;
				CLANG_WARN_ENUM_CONVERSION = YES;
				CLANG_WARN_INFINITE_RECURSION = YES;
				CLANG_WARN_INT_CONVERSION = YES;
				CLANG_WARN_NON_LITERAL_NULL_CONVERSION = YES;
				CLANG_WARN_OBJC_IMPLICIT_RETAIN_SELF = YES;
				CLANG_WARN_OBJC_LITERAL_CONVERSION = YES;
				CLANG_WARN_OBJC_ROOT_CLASS = YES_ERROR;
				CLANG_WARN_QUOTED_INCLUDE_IN_FRAMEWORK_HEADER = YES;
				CLANG_WARN_RANGE_LOOP_ANALYSIS = YES;
				CLANG_WARN_STRICT_PROTOTYPES = YES;
				CLANG_WARN_SUSPICIOUS_MOVE = YES;
				CLANG_WARN_UNGUARDED_AVAILABILITY = YES_AGGRESSIVE;
				CLANG_WARN_UNREACHABLE_CODE = YES;
				CLANG_WARN__DUPLICATE_METHOD_MATCH = YES;
				COPY_PHASE_STRIP = NO;
				DEBUG_INFORMATION_FORMAT = "dwarf-with-dsym";
				ENABLE_NS_ASSERTIONS = NO;
				ENABLE_STRICT_OBJC_MSGSEND = YES;
				GCC_C_LANGUAGE_STANDARD = gnu11;
				GCC_NO_COMMON_BLOCKS = YES;
				GCC_WARN_64_TO_32_BIT_CONVERSION = YES;
				GCC_WARN_ABOUT_RETURN_TYPE = YES_ERROR;
				GCC_WARN_UNDECLARED_SELECTOR = YES;
				GCC_WARN_UNINITIALIZED_AUTOS = YES_AGGRESSIVE;
				GCC_WARN_UNUSED_FUNCTION = YES;
				GCC_WARN_UNUSED_VARIABLE = YES;
				IPHONEOS_DEPLOYMENT_TARGET = 16.0;
				MTL_ENABLE_DEBUG_INFO = NO;
				MTL_FAST_MATH = YES;
				SDKROOT = iphoneos;
				SWIFT_COMPILATION_MODE = wholemodule;
				SWIFT_OPTIMIZATION_LEVEL = "-O";
				VALIDATE_PRODUCT = YES;
			};
			name = Release;
		};
		C66F6BA228C52E63008EBEBC /* Debug */ = {
			isa = XCBuildConfiguration;
			buildSettings = {
				ASSETCATALOG_COMPILER_APPICON_NAME = AppIcon;
				ASSETCATALOG_COMPILER_GLOBAL_ACCENT_COLOR_NAME = AccentColor;
				CODE_SIGN_STYLE = Automatic;
				CURRENT_PROJECT_VERSION = 1;
				DEVELOPMENT_ASSET_PATHS = "\"Landmarks/Preview Content\"";
				DEVELOPMENT_TEAM = YRHZWWWS54;
				ENABLE_PREVIEWS = YES;
				GENERATE_INFOPLIST_FILE = YES;
				INFOPLIST_KEY_UIApplicationSceneManifest_Generation = YES;
				INFOPLIST_KEY_UIApplicationSupportsIndirectInputEvents = YES;
				INFOPLIST_KEY_UILaunchScreen_Generation = YES;
				INFOPLIST_KEY_UISupportedInterfaceOrientations_iPad = "UIInterfaceOrientationPortrait UIInterfaceOrientationPortraitUpsideDown UIInterfaceOrientationLandscapeLeft UIInterfaceOrientationLandscapeRight";
				INFOPLIST_KEY_UISupportedInterfaceOrientations_iPhone = "UIInterfaceOrientationPortrait UIInterfaceOrientationLandscapeLeft UIInterfaceOrientationLandscapeRight";
				LD_RUNPATH_SEARCH_PATHS = (
					"$(inherited)",
					"@executable_path/Frameworks",
				);
				MARKETING_VERSION = 1.0;
				PRODUCT_BUNDLE_IDENTIFIER = com.d1Ng0.dev.Landmarks;
				PRODUCT_NAME = "$(TARGET_NAME)";
				SWIFT_EMIT_LOC_STRINGS = YES;
				SWIFT_VERSION = 5.0;
				TARGETED_DEVICE_FAMILY = "1,2";
			};
			name = Debug;
		};
		C66F6BA328C52E63008EBEBC /* Release */ = {
			isa = XCBuildConfiguration;
			buildSettings = {
				ASSETCATALOG_COMPILER_APPICON_NAME = AppIcon;
				ASSETCATALOG_COMPILER_GLOBAL_ACCENT_COLOR_NAME = AccentColor;
				CODE_SIGN_STYLE = Automatic;
				CURRENT_PROJECT_VERSION = 1;
				DEVELOPMENT_ASSET_PATHS = "\"Landmarks/Preview Content\"";
				DEVELOPMENT_TEAM = YRHZWWWS54;
				ENABLE_PREVIEWS = YES;
				GENERATE_INFOPLIST_FILE = YES;
				INFOPLIST_KEY_UIApplicationSceneManifest_Generation = YES;
				INFOPLIST_KEY_UIApplicationSupportsIndirectInputEvents = YES;
				INFOPLIST_KEY_UILaunchScreen_Generation = YES;
				INFOPLIST_KEY_UISupportedInterfaceOrientations_iPad = "UIInterfaceOrientationPortrait UIInterfaceOrientationPortraitUpsideDown UIInterfaceOrientationLandscapeLeft UIInterfaceOrientationLandscapeRight";
				INFOPLIST_KEY_UISupportedInterfaceOrientations_iPhone = "UIInterfaceOrientationPortrait UIInterfaceOrientationLandscapeLeft UIInterfaceOrientationLandscapeRight";
				LD_RUNPATH_SEARCH_PATHS = (
					"$(inherited)",
					"@executable_path/Frameworks",
				);
				MARKETING_VERSION = 1.0;
				PRODUCT_BUNDLE_IDENTIFIER = com.d1Ng0.dev.Landmarks;
				PRODUCT_NAME = "$(TARGET_NAME)";
				SWIFT_EMIT_LOC_STRINGS = YES;
				SWIFT_VERSION = 5.0;
				TARGETED_DEVICE_FAMILY = "1,2";
			};
			name = Release;
		};
/* End XCBuildConfiguration section */

/* Begin XCConfigurationList section */
		C66F6B8E28C52E62008EBEBC /* Build configuration list for PBXProject "Landmarks" */ = {
			isa = XCConfigurationList;
			buildConfigurations = (
				C66F6B9F28C52E63008EBEBC /* Debug */,
				C66F6BA028C52E63008EBEBC /* Release */,
			);
			defaultConfigurationIsVisible = 0;
			defaultConfigurationName = Release;
		};
		C66F6BA128C52E63008EBEBC /* Build configuration list for PBXNativeTarget "Landmarks" */ = {
			isa = XCConfigurationList;
			buildConfigurations = (
				C66F6BA228C52E63008EBEBC /* Debug */,
				C66F6BA328C52E63008EBEBC /* Release */,
			);
			defaultConfigurationIsVisible = 0;
			defaultConfigurationName = Release;
		};
/* End XCConfigurationList section */
	};
	rootObject = C66F6B8B28C52E62008EBEBC /* Project object */;
}
